
Microsoft Visual Studio Solution File, Format Version 12.00
# Visual Studio Version 17
VisualStudioVersion = 17.11.35312.102
MinimumVisualStudioVersion = 10.0.40219.1
Project("{9A19103F-16F7-4668-BE54-9A1E7A4F7556}") = "ConsoleApp.OutputDemo", "ConsoleApp.OutputDemo\ConsoleApp.OutputDemo.csproj", "{A7EB1AE6-A5C7-4B10-BE93-1CEE3463AD6D}"
EndProject
Project("{9A19103F-16F7-4668-BE54-9A1E7A4F7556}") = "ConsoleApp.VariablesDemo", "ConsoleApp.VariablesDemo\ConsoleApp.VariablesDemo.csproj", "{B0EF1571-42AA-47CD-BE33-76FFBE535050}"
EndProject
Project("{9A19103F-16F7-4668-BE54-9A1E7A4F7556}") = "ConsoleApp.UserInput.Demo", "ConsoleApp.UserInput.Demo\ConsoleApp.UserInput.Demo.csproj", "{AB29FA1E-C7EB-47A9-99D0-033FFAAAD4F0}"
EndProject
Project("{9A19103F-16F7-4668-BE54-9A1E7A4F7556}") = "ConsoleApp.Operators", "ConsoleApp.Operators\ConsoleApp.Operators.csproj", "{B033A138-3789-4CE2-9948-EA0D431CAC30}"
EndProject
Project("{FAE04EC0-301F-11D3-BF4B-00C04F79EFBC}") = "ConsoleApp.ConditionsAndDecisions", "ConsoleApp.ConditionsAndDecisions\ConsoleApp.ConditionsAndDecisions.csproj", "{E61F7167-F6F4-43E9-A4DD-63CEFCE93011}"
EndProject
Project("{FAE04EC0-301F-11D3-BF4B-00C04F79EFBC}") = "ConsoleApp.SampleCalculator", "ConsoleApp.SampleCalculator\ConsoleApp.SampleCalculator.csproj", "{74EEB186-646D-4F87-821F-4A2AC90FA9C1}"
EndProject
Global
	GlobalSection(SolutionConfigurationPlatforms) = preSolution
		Debug|Any CPU = Debug|Any CPU
		Release|Any CPU = Release|Any CPU
	EndGlobalSection
	GlobalSection(ProjectConfigurationPlatforms) = postSolution
		{A7EB1AE6-A5C7-4B10-BE93-1CEE3463AD6D}.Debug|Any CPU.ActiveCfg = Debug|Any CPU
		{A7EB1AE6-A5C7-4B10-BE93-1CEE3463AD6D}.Debug|Any CPU.Build.0 = Debug|Any CPU
		{A7EB1AE6-A5C7-4B10-BE93-1CEE3463AD6D}.Release|Any CPU.ActiveCfg = Release|Any CPU
		{A7EB1AE6-A5C7-4B10-BE93-1CEE3463AD6D}.Release|Any CPU.Build.0 = Release|Any CPU
		{B0EF1571-42AA-47CD-BE33-76FFBE535050}.Debug|Any CPU.ActiveCfg = Debug|Any CPU
		{B0EF1571-42AA-47CD-BE33-76FFBE535050}.Debug|Any CPU.Build.0 = Debug|Any CPU
		{B0EF1571-42AA-47CD-BE33-76FFBE535050}.Release|Any CPU.ActiveCfg = Release|Any CPU
		{B0EF1571-42AA-47CD-BE33-76FFBE535050}.Release|Any CPU.Build.0 = Release|Any CPU
		{AB29FA1E-C7EB-47A9-99D0-033FFAAAD4F0}.Debug|Any CPU.ActiveCfg = Debug|Any CPU
		{AB29FA1E-C7EB-47A9-99D0-033FFAAAD4F0}.Debug|Any CPU.Build.0 = Debug|Any CPU
		{AB29FA1E-C7EB-47A9-99D0-033FFAAAD4F0}.Release|Any CPU.ActiveCfg = Release|Any CPU
		{AB29FA1E-C7EB-47A9-99D0-033FFAAAD4F0}.Release|Any CPU.Build.0 = Release|Any CPU
		{B033A138-3789-4CE2-9948-EA0D431CAC30}.Debug|Any CPU.ActiveCfg = Debug|Any CPU
		{B033A138-3789-4CE2-9948-EA0D431CAC30}.Debug|Any CPU.Build.0 = Debug|Any CPU
		{B033A138-3789-4CE2-9948-EA0D431CAC30}.Release|Any CPU.ActiveCfg = Release|Any CPU
		{B033A138-3789-4CE2-9948-EA0D431CAC30}.Release|Any CPU.Build.0 = Release|Any CPU
		{E61F7167-F6F4-43E9-A4DD-63CEFCE93011}.Debug|Any CPU.ActiveCfg = Debug|Any CPU
		{E61F7167-F6F4-43E9-A4DD-63CEFCE93011}.Debug|Any CPU.Build.0 = Debug|Any CPU
		{E61F7167-F6F4-43E9-A4DD-63CEFCE93011}.Release|Any CPU.ActiveCfg = Release|Any CPU
		{E61F7167-F6F4-43E9-A4DD-63CEFCE93011}.Release|Any CPU.Build.0 = Release|Any CPU
		{74EEB186-646D-4F87-821F-4A2AC90FA9C1}.Debug|Any CPU.ActiveCfg = Debug|Any CPU
		{74EEB186-646D-4F87-821F-4A2AC90FA9C1}.Debug|Any CPU.Build.0 = Debug|Any CPU
		{74EEB186-646D-4F87-821F-4A2AC90FA9C1}.Release|Any CPU.ActiveCfg = Release|Any CPU
		{74EEB186-646D-4F87-821F-4A2AC90FA9C1}.Release|Any CPU.Build.0 = Release|Any CPU
	EndGlobalSection
	GlobalSection(SolutionProperties) = preSolution
		HideSolutionNode = FALSE
	EndGlobalSection
	GlobalSection(ExtensibilityGlobals) = postSolution
		SolutionGuid = {7981D8C3-AFFB-49DC-A392-CD2128053A8C}
	EndGlobalSection
EndGlobal
